
Microsoft Visual Studio Solution File, Format Version 12.00
# Visual Studio Version 17
VisualStudioVersion = 17.13.35825.156
MinimumVisualStudioVersion = 10.0.40219.1
Project("{FAE04EC0-301F-11D3-BF4B-00C04F79EFBC}") = "NotificationMicroservice", "NotificationMicroservice\NotificationMicroservice.csproj", "{D02FB57E-5B20-4EC2-BE7B-851EC00C346D}"
EndProject
Project("{FAE04EC0-301F-11D3-BF4B-00C04F79EFBC}") = "NotificationMicroserviceTests", "NotificationMicroserviceTests\NotificationMicroserviceTests.csproj", "{47AD5CF5-AC8D-49D1-9B2C-098B05894BDE}"
EndProject
Global
	GlobalSection(SolutionConfigurationPlatforms) = preSolution
		Debug|Any CPU = Debug|Any CPU
		Release|Any CPU = Release|Any CPU
	EndGlobalSection
	GlobalSection(ProjectConfigurationPlatforms) = postSolution
		{D02FB57E-5B20-4EC2-BE7B-851EC00C346D}.Debug|Any CPU.ActiveCfg = Debug|Any CPU
		{D02FB57E-5B20-4EC2-BE7B-851EC00C346D}.Debug|Any CPU.Build.0 = Debug|Any CPU
		{D02FB57E-5B20-4EC2-BE7B-851EC00C346D}.Release|Any CPU.ActiveCfg = Release|Any CPU
		{D02FB57E-5B20-4EC2-BE7B-851EC00C346D}.Release|Any CPU.Build.0 = Release|Any CPU
		{47AD5CF5-AC8D-49D1-9B2C-098B05894BDE}.Debug|Any CPU.ActiveCfg = Debug|Any CPU
		{47AD5CF5-AC8D-49D1-9B2C-098B05894BDE}.Debug|Any CPU.Build.0 = Debug|Any CPU
		{47AD5CF5-AC8D-49D1-9B2C-098B05894BDE}.Release|Any CPU.ActiveCfg = Release|Any CPU
		{47AD5CF5-AC8D-49D1-9B2C-098B05894BDE}.Release|Any CPU.Build.0 = Release|Any CPU
	EndGlobalSection
	GlobalSection(SolutionProperties) = preSolution
		HideSolutionNode = FALSE
	EndGlobalSection
	GlobalSection(ExtensibilityGlobals) = postSolution
		SolutionGuid = {343B5A9A-9C5F-4E40-91F5-3CF607DB34D0}
	EndGlobalSection
EndGlobal
